
Microsoft Visual Studio Solution File, Format Version 12.00
# Visual Studio 15
VisualStudioVersion = 15.0.26124.0
MinimumVisualStudioVersion = 15.0.26124.0
Project("{9A19103F-16F7-4668-BE54-9A1E7A4F7556}") = "workman.web", "workman.web\workman.web.csproj", "{3549BE1D-DD87-4586-91A3-E2599D20505D}"
EndProject
Project("{9A19103F-16F7-4668-BE54-9A1E7A4F7556}") = "DataBase", "Libs\DB\DataBase\DataBase.csproj", "{D8D5E109-7107-4380-8802-CCE119327671}"
EndProject
Project("{9A19103F-16F7-4668-BE54-9A1E7A4F7556}") = "Workman.Util", "Libs\Util\Workman.Util\Workman.Util.csproj", "{D9FCD770-B6FC-40FB-BD10-45714398C439}"
EndProject
Project("{2150E333-8FDC-42A3-9474-1A3956D46DE8}") = "Libs", "Libs", "{D2382354-7DD2-4C1F-8144-72097BEFC830}"
EndProject
Project("{2150E333-8FDC-42A3-9474-1A3956D46DE8}") = "DB", "DB", "{99FFD1E9-88F6-424D-AE39-C5C39C63DB3C}"
EndProject
Project("{2150E333-8FDC-42A3-9474-1A3956D46DE8}") = "Util", "Util", "{65E2D1A2-AE6F-4B4E-8B32-18FFC9ACCFDB}"
EndProject
Project("{FAE04EC0-301F-11D3-BF4B-00C04F79EFBC}") = "Database.SqlServer", "Libs\DB\Database.SqlServer\Database.SqlServer.csproj", "{6F27453A-B317-4BF0-8B8E-6C91A0834307}"
EndProject
Project("{2150E333-8FDC-42A3-9474-1A3956D46DE8}") = "Log", "Log", "{DB4772AA-F46C-4324-9E37-FABC9D68BE16}"
EndProject
Project("{FAE04EC0-301F-11D3-BF4B-00C04F79EFBC}") = "Workman.Loger", "Libs\Log4Net\Workman.Log\Workman.Loger.csproj", "{B98862B8-BD57-4D3D-AF09-6E4E0E57CCCB}"
EndProject
Global
	GlobalSection(SolutionConfigurationPlatforms) = preSolution
		Debug|Any CPU = Debug|Any CPU
		Debug|x64 = Debug|x64
		Debug|x86 = Debug|x86
		Release|Any CPU = Release|Any CPU
		Release|x64 = Release|x64
		Release|x86 = Release|x86
	EndGlobalSection
	GlobalSection(ProjectConfigurationPlatforms) = postSolution
		{3549BE1D-DD87-4586-91A3-E2599D20505D}.Debug|Any CPU.ActiveCfg = Debug|Any CPU
		{3549BE1D-DD87-4586-91A3-E2599D20505D}.Debug|Any CPU.Build.0 = Debug|Any CPU
		{3549BE1D-DD87-4586-91A3-E2599D20505D}.Debug|x64.ActiveCfg = Debug|Any CPU
		{3549BE1D-DD87-4586-91A3-E2599D20505D}.Debug|x64.Build.0 = Debug|Any CPU
		{3549BE1D-DD87-4586-91A3-E2599D20505D}.Debug|x86.ActiveCfg = Debug|Any CPU
		{3549BE1D-DD87-4586-91A3-E2599D20505D}.Debug|x86.Build.0 = Debug|Any CPU
		{3549BE1D-DD87-4586-91A3-E2599D20505D}.Release|Any CPU.ActiveCfg = Release|Any CPU
		{3549BE1D-DD87-4586-91A3-E2599D20505D}.Release|Any CPU.Build.0 = Release|Any CPU
		{3549BE1D-DD87-4586-91A3-E2599D20505D}.Release|x64.ActiveCfg = Release|Any CPU
		{3549BE1D-DD87-4586-91A3-E2599D20505D}.Release|x64.Build.0 = Release|Any CPU
		{3549BE1D-DD87-4586-91A3-E2599D20505D}.Release|x86.ActiveCfg = Release|Any CPU
		{3549BE1D-DD87-4586-91A3-E2599D20505D}.Release|x86.Build.0 = Release|Any CPU
		{D8D5E109-7107-4380-8802-CCE119327671}.Debug|Any CPU.ActiveCfg = Debug|Any CPU
		{D8D5E109-7107-4380-8802-CCE119327671}.Debug|Any CPU.Build.0 = Debug|Any CPU
		{D8D5E109-7107-4380-8802-CCE119327671}.Debug|x64.ActiveCfg = Debug|Any CPU
		{D8D5E109-7107-4380-8802-CCE119327671}.Debug|x64.Build.0 = Debug|Any CPU
		{D8D5E109-7107-4380-8802-CCE119327671}.Debug|x86.ActiveCfg = Debug|Any CPU
		{D8D5E109-7107-4380-8802-CCE119327671}.Debug|x86.Build.0 = Debug|Any CPU
		{D8D5E109-7107-4380-8802-CCE119327671}.Release|Any CPU.ActiveCfg = Release|Any CPU
		{D8D5E109-7107-4380-8802-CCE119327671}.Release|Any CPU.Build.0 = Release|Any CPU
		{D8D5E109-7107-4380-8802-CCE119327671}.Release|x64.ActiveCfg = Release|Any CPU
		{D8D5E109-7107-4380-8802-CCE119327671}.Release|x64.Build.0 = Release|Any CPU
		{D8D5E109-7107-4380-8802-CCE119327671}.Release|x86.ActiveCfg = Release|Any CPU
		{D8D5E109-7107-4380-8802-CCE119327671}.Release|x86.Build.0 = Release|Any CPU
		{D9FCD770-B6FC-40FB-BD10-45714398C439}.Debug|Any CPU.ActiveCfg = Debug|Any CPU
		{D9FCD770-B6FC-40FB-BD10-45714398C439}.Debug|Any CPU.Build.0 = Debug|Any CPU
		{D9FCD770-B6FC-40FB-BD10-45714398C439}.Debug|x64.ActiveCfg = Debug|Any CPU
		{D9FCD770-B6FC-40FB-BD10-45714398C439}.Debug|x64.Build.0 = Debug|Any CPU
		{D9FCD770-B6FC-40FB-BD10-45714398C439}.Debug|x86.ActiveCfg = Debug|Any CPU
		{D9FCD770-B6FC-40FB-BD10-45714398C439}.Debug|x86.Build.0 = Debug|Any CPU
		{D9FCD770-B6FC-40FB-BD10-45714398C439}.Release|Any CPU.ActiveCfg = Release|Any CPU
		{D9FCD770-B6FC-40FB-BD10-45714398C439}.Release|Any CPU.Build.0 = Release|Any CPU
		{D9FCD770-B6FC-40FB-BD10-45714398C439}.Release|x64.ActiveCfg = Release|Any CPU
		{D9FCD770-B6FC-40FB-BD10-45714398C439}.Release|x64.Build.0 = Release|Any CPU
		{D9FCD770-B6FC-40FB-BD10-45714398C439}.Release|x86.ActiveCfg = Release|Any CPU
		{D9FCD770-B6FC-40FB-BD10-45714398C439}.Release|x86.Build.0 = Release|Any CPU
		{6F27453A-B317-4BF0-8B8E-6C91A0834307}.Debug|Any CPU.ActiveCfg = Debug|Any CPU
		{6F27453A-B317-4BF0-8B8E-6C91A0834307}.Debug|Any CPU.Build.0 = Debug|Any CPU
		{6F27453A-B317-4BF0-8B8E-6C91A0834307}.Debug|x64.ActiveCfg = Debug|Any CPU
		{6F27453A-B317-4BF0-8B8E-6C91A0834307}.Debug|x64.Build.0 = Debug|Any CPU
		{6F27453A-B317-4BF0-8B8E-6C91A0834307}.Debug|x86.ActiveCfg = Debug|Any CPU
		{6F27453A-B317-4BF0-8B8E-6C91A0834307}.Debug|x86.Build.0 = Debug|Any CPU
		{6F27453A-B317-4BF0-8B8E-6C91A0834307}.Release|Any CPU.ActiveCfg = Release|Any CPU
		{6F27453A-B317-4BF0-8B8E-6C91A0834307}.Release|Any CPU.Build.0 = Release|Any CPU
		{6F27453A-B317-4BF0-8B8E-6C91A0834307}.Release|x64.ActiveCfg = Release|Any CPU
		{6F27453A-B317-4BF0-8B8E-6C91A0834307}.Release|x64.Build.0 = Release|Any CPU
		{6F27453A-B317-4BF0-8B8E-6C91A0834307}.Release|x86.ActiveCfg = Release|Any CPU
		{6F27453A-B317-4BF0-8B8E-6C91A0834307}.Release|x86.Build.0 = Release|Any CPU
		{B98862B8-BD57-4D3D-AF09-6E4E0E57CCCB}.Debug|Any CPU.ActiveCfg = Debug|Any CPU
		{B98862B8-BD57-4D3D-AF09-6E4E0E57CCCB}.Debug|Any CPU.Build.0 = Debug|Any CPU
		{B98862B8-BD57-4D3D-AF09-6E4E0E57CCCB}.Debug|x64.ActiveCfg = Debug|Any CPU
		{B98862B8-BD57-4D3D-AF09-6E4E0E57CCCB}.Debug|x64.Build.0 = Debug|Any CPU
		{B98862B8-BD57-4D3D-AF09-6E4E0E57CCCB}.Debug|x86.ActiveCfg = Debug|Any CPU
		{B98862B8-BD57-4D3D-AF09-6E4E0E57CCCB}.Debug|x86.Build.0 = Debug|Any CPU
		{B98862B8-BD57-4D3D-AF09-6E4E0E57CCCB}.Release|Any CPU.ActiveCfg = Release|Any CPU
		{B98862B8-BD57-4D3D-AF09-6E4E0E57CCCB}.Release|Any CPU.Build.0 = Release|Any CPU
		{B98862B8-BD57-4D3D-AF09-6E4E0E57CCCB}.Release|x64.ActiveCfg = Release|Any CPU
		{B98862B8-BD57-4D3D-AF09-6E4E0E57CCCB}.Release|x64.Build.0 = Release|Any CPU
		{B98862B8-BD57-4D3D-AF09-6E4E0E57CCCB}.Release|x86.ActiveCfg = Release|Any CPU
		{B98862B8-BD57-4D3D-AF09-6E4E0E57CCCB}.Release|x86.Build.0 = Release|Any CPU
	EndGlobalSection
	GlobalSection(SolutionProperties) = preSolution
		HideSolutionNode = FALSE
	EndGlobalSection
	GlobalSection(NestedProjects) = preSolution
		{D8D5E109-7107-4380-8802-CCE119327671} = {99FFD1E9-88F6-424D-AE39-C5C39C63DB3C}
		{D9FCD770-B6FC-40FB-BD10-45714398C439} = {65E2D1A2-AE6F-4B4E-8B32-18FFC9ACCFDB}
		{99FFD1E9-88F6-424D-AE39-C5C39C63DB3C} = {D2382354-7DD2-4C1F-8144-72097BEFC830}
		{65E2D1A2-AE6F-4B4E-8B32-18FFC9ACCFDB} = {D2382354-7DD2-4C1F-8144-72097BEFC830}
		{6F27453A-B317-4BF0-8B8E-6C91A0834307} = {99FFD1E9-88F6-424D-AE39-C5C39C63DB3C}
		{DB4772AA-F46C-4324-9E37-FABC9D68BE16} = {D2382354-7DD2-4C1F-8144-72097BEFC830}
		{B98862B8-BD57-4D3D-AF09-6E4E0E57CCCB} = {DB4772AA-F46C-4324-9E37-FABC9D68BE16}
	EndGlobalSection
	GlobalSection(ExtensibilityGlobals) = postSolution
		SolutionGuid = {2D79E9DE-CABF-45F3-BC2E-79C08A654F39}
	EndGlobalSection
EndGlobal
